// !$*UTF8*$!
{
	archiveVersion = 1;
	classes = {
	};
	objectVersion = 56;
	objects = {

/* Begin PBXBuildFile section */
		5E8AC0122A0896FE00B9E2FC /* sixprincessesApp.swift in Sources */ = {isa = PBXBuildFile; fileRef = 5E8AC0112A0896FE00B9E2FC /* sixprincessesApp.swift */; };
		5E8AC0142A0896FE00B9E2FC /* ContentView.swift in Sources */ = {isa = PBXBuildFile; fileRef = 5E8AC0132A0896FE00B9E2FC /* ContentView.swift */; };
		5E8AC0162A0896FF00B9E2FC /* Assets.xcassets in Resources */ = {isa = PBXBuildFile; fileRef = 5E8AC0152A0896FF00B9E2FC /* Assets.xcassets */; };
		5E8AC0192A0896FF00B9E2FC /* Preview Assets.xcassets in Resources */ = {isa = PBXBuildFile; fileRef = 5E8AC0182A0896FF00B9E2FC /* Preview Assets.xcassets */; };
		5E8AC0202A08972C00B9E2FC /* ModelData.swift in Sources */ = {isa = PBXBuildFile; fileRef = 5E8AC01F2A08972C00B9E2FC /* ModelData.swift */; };
		DA2B94862A089BB300E4065D /* View_1.swift in Sources */ = {isa = PBXBuildFile; fileRef = DA2B94852A089BB300E4065D /* View_1.swift */; };
		DA2B94892A08A17D00E4065D /* NextButtonView.swift in Sources */ = {isa = PBXBuildFile; fileRef = DA2B94882A08A17D00E4065D /* NextButtonView.swift */; };
		DA2B948B2A08A4B300E4065D /* Color_extension.swift in Sources */ = {isa = PBXBuildFile; fileRef = DA2B948A2A08A4B300E4065D /* Color_extension.swift */; };
		DA2B948D2A08CBFC00E4065D /* View_3.swift in Sources */ = {isa = PBXBuildFile; fileRef = DA2B948C2A08CBFC00E4065D /* View_3.swift */; };
		DA2B94902A08CF5A00E4065D /* ImagePicker.swift in Sources */ = {isa = PBXBuildFile; fileRef = DA2B948F2A08CF5A00E4065D /* ImagePicker.swift */; };
/* End PBXBuildFile section */

/* Begin PBXFileReference section */
		5E8AC00E2A0896FE00B9E2FC /* sixprincesses.app */ = {isa = PBXFileReference; explicitFileType = wrapper.application; includeInIndex = 0; path = sixprincesses.app; sourceTree = BUILT_PRODUCTS_DIR; };
		5E8AC0112A0896FE00B9E2FC /* sixprincessesApp.swift */ = {isa = PBXFileReference; lastKnownFileType = sourcecode.swift; path = sixprincessesApp.swift; sourceTree = "<group>"; };
		5E8AC0132A0896FE00B9E2FC /* ContentView.swift */ = {isa = PBXFileReference; lastKnownFileType = sourcecode.swift; path = ContentView.swift; sourceTree = "<group>"; };
		5E8AC0152A0896FF00B9E2FC /* Assets.xcassets */ = {isa = PBXFileReference; lastKnownFileType = folder.assetcatalog; path = Assets.xcassets; sourceTree = "<group>"; };
		5E8AC0182A0896FF00B9E2FC /* Preview Assets.xcassets */ = {isa = PBXFileReference; lastKnownFileType = folder.assetcatalog; path = "Preview Assets.xcassets"; sourceTree = "<group>"; };
		5E8AC01F2A08972C00B9E2FC /* ModelData.swift */ = {isa = PBXFileReference; lastKnownFileType = sourcecode.swift; path = ModelData.swift; sourceTree = "<group>"; };
		DA2B94852A089BB300E4065D /* View_1.swift */ = {isa = PBXFileReference; lastKnownFileType = sourcecode.swift; path = View_1.swift; sourceTree = "<group>"; };
		DA2B94882A08A17D00E4065D /* NextButtonView.swift */ = {isa = PBXFileReference; lastKnownFileType = sourcecode.swift; path = NextButtonView.swift; sourceTree = "<group>"; };
		DA2B948A2A08A4B300E4065D /* Color_extension.swift */ = {isa = PBXFileReference; lastKnownFileType = sourcecode.swift; path = Color_extension.swift; sourceTree = "<group>"; };
		DA2B948C2A08CBFC00E4065D /* View_3.swift */ = {isa = PBXFileReference; lastKnownFileType = sourcecode.swift; path = View_3.swift; sourceTree = "<group>"; };
		DA2B948F2A08CF5A00E4065D /* ImagePicker.swift */ = {isa = PBXFileReference; lastKnownFileType = sourcecode.swift; path = ImagePicker.swift; sourceTree = "<group>"; };
/* End PBXFileReference section */

/* Begin PBXFrameworksBuildPhase section */
		5E8AC00B2A0896FE00B9E2FC /* Frameworks */ = {
			isa = PBXFrameworksBuildPhase;
			buildActionMask = 2147483647;
			files = (
			);
			runOnlyForDeploymentPostprocessing = 0;
		};
/* End PBXFrameworksBuildPhase section */

/* Begin PBXGroup section */
		5E8AC0052A0896FE00B9E2FC = {
			isa = PBXGroup;
			children = (
				5E8AC0102A0896FE00B9E2FC /* sixprincesses */,
				5E8AC00F2A0896FE00B9E2FC /* Products */,
			);
			sourceTree = "<group>";
		};
		5E8AC00F2A0896FE00B9E2FC /* Products */ = {
			isa = PBXGroup;
			children = (
				5E8AC00E2A0896FE00B9E2FC /* sixprincesses.app */,
			);
			name = Products;
			sourceTree = "<group>";
		};
		5E8AC0102A0896FE00B9E2FC /* sixprincesses */ = {
			isa = PBXGroup;
			children = (
				5E8AC0112A0896FE00B9E2FC /* sixprincessesApp.swift */,
				5E8AC0132A0896FE00B9E2FC /* ContentView.swift */,
				DA2B94842A089B1300E4065D /* Onboarding */,
				5E8AC0212A08978600B9E2FC /* Data_extension */,
				5E8AC0152A0896FF00B9E2FC /* Assets.xcassets */,
				5E8AC0172A0896FF00B9E2FC /* Preview Content */,
			);
			path = sixprincesses;
			sourceTree = "<group>";
		};
		5E8AC0172A0896FF00B9E2FC /* Preview Content */ = {
			isa = PBXGroup;
			children = (
				5E8AC0182A0896FF00B9E2FC /* Preview Assets.xcassets */,
			);
			path = "Preview Content";
			sourceTree = "<group>";
		};
		5E8AC0212A08978600B9E2FC /* Data_extension */ = {
			isa = PBXGroup;
			children = (
				5E8AC01F2A08972C00B9E2FC /* ModelData.swift */,
				DA2B948A2A08A4B300E4065D /* Color_extension.swift */,
			);
			path = Data_extension;
			sourceTree = "<group>";
		};
		DA2B94842A089B1300E4065D /* Onboarding */ = {
			isa = PBXGroup;
			children = (
				DA2B94852A089BB300E4065D /* View_1.swift */,
				DA2B948C2A08CBFC00E4065D /* View_3.swift */,
				DA2B948E2A08CF4800E4065D /* Function */,
				DA2B94872A08A16100E4065D /* FunctionView */,
			);
			path = Onboarding;
			sourceTree = "<group>";
		};
		DA2B94872A08A16100E4065D /* FunctionView */ = {
			isa = PBXGroup;
			children = (
				DA2B94882A08A17D00E4065D /* NextButtonView.swift */,
			);
			path = FunctionView;
			sourceTree = "<group>";
		};
		DA2B948E2A08CF4800E4065D /* Function */ = {
			isa = PBXGroup;
			children = (
				DA2B948F2A08CF5A00E4065D /* ImagePicker.swift */,
			);
			path = Function;
			sourceTree = "<group>";
		};
/* End PBXGroup section */

/* Begin PBXNativeTarget section */
		5E8AC00D2A0896FE00B9E2FC /* sixprincesses */ = {
			isa = PBXNativeTarget;
			buildConfigurationList = 5E8AC01C2A0896FF00B9E2FC /* Build configuration list for PBXNativeTarget "sixprincesses" */;
			buildPhases = (
				5E8AC00A2A0896FE00B9E2FC /* Sources */,
				5E8AC00B2A0896FE00B9E2FC /* Frameworks */,
				5E8AC00C2A0896FE00B9E2FC /* Resources */,
			);
			buildRules = (
			);
			dependencies = (
			);
			name = sixprincesses;
			productName = sixprincesses;
			productReference = 5E8AC00E2A0896FE00B9E2FC /* sixprincesses.app */;
			productType = "com.apple.product-type.application";
		};
/* End PBXNativeTarget section */

/* Begin PBXProject section */
		5E8AC0062A0896FE00B9E2FC /* Project object */ = {
			isa = PBXProject;
			attributes = {
				BuildIndependentTargetsInParallel = 1;
				LastSwiftUpdateCheck = 1430;
				LastUpgradeCheck = 1430;
				TargetAttributes = {
					5E8AC00D2A0896FE00B9E2FC = {
						CreatedOnToolsVersion = 14.3;
					};
				};
			};
			buildConfigurationList = 5E8AC0092A0896FE00B9E2FC /* Build configuration list for PBXProject "sixprincesses" */;
			compatibilityVersion = "Xcode 14.0";
			developmentRegion = en;
			hasScannedForEncodings = 0;
			knownRegions = (
				en,
				Base,
			);
			mainGroup = 5E8AC0052A0896FE00B9E2FC;
			productRefGroup = 5E8AC00F2A0896FE00B9E2FC /* Products */;
			projectDirPath = "";
			projectRoot = "";
			targets = (
				5E8AC00D2A0896FE00B9E2FC /* sixprincesses */,
			);
		};
/* End PBXProject section */

/* Begin PBXResourcesBuildPhase section */
		5E8AC00C2A0896FE00B9E2FC /* Resources */ = {
			isa = PBXResourcesBuildPhase;
			buildActionMask = 2147483647;
			files = (
				5E8AC0192A0896FF00B9E2FC /* Preview Assets.xcassets in Resources */,
				5E8AC0162A0896FF00B9E2FC /* Assets.xcassets in Resources */,
			);
			runOnlyForDeploymentPostprocessing = 0;
		};
/* End PBXResourcesBuildPhase section */

/* Begin PBXSourcesBuildPhase section */
		5E8AC00A2A0896FE00B9E2FC /* Sources */ = {
			isa = PBXSourcesBuildPhase;
			buildActionMask = 2147483647;
			files = (
				5E8AC0142A0896FE00B9E2FC /* ContentView.swift in Sources */,
				5E8AC0122A0896FE00B9E2FC /* sixprincessesApp.swift in Sources */,
				DA2B94862A089BB300E4065D /* View_1.swift in Sources */,
				5E8AC0202A08972C00B9E2FC /* ModelData.swift in Sources */,
				DA2B948D2A08CBFC00E4065D /* View_3.swift in Sources */,
				DA2B94902A08CF5A00E4065D /* ImagePicker.swift in Sources */,
				DA2B94892A08A17D00E4065D /* NextButtonView.swift in Sources */,
				DA2B948B2A08A4B300E4065D /* Color_extension.swift in Sources */,
			);
			runOnlyForDeploymentPostprocessing = 0;
		};
/* End PBXSourcesBuildPhase section */

/* Begin XCBuildConfiguration section */
		5E8AC01A2A0896FF00B9E2FC /* Debug */ = {
			isa = XCBuildConfiguration;
			buildSettings = {
				ALWAYS_SEARCH_USER_PATHS = NO;
				CLANG_ANALYZER_NONNULL = YES;
				CLANG_ANALYZER_NUMBER_OBJECT_CONVERSION = YES_AGGRESSIVE;
				CLANG_CXX_LANGUAGE_STANDARD = "gnu++20";
				CLANG_ENABLE_MODULES = YES;
				CLANG_ENABLE_OBJC_ARC = YES;
				CLANG_ENABLE_OBJC_WEAK = YES;
				CLANG_WARN_BLOCK_CAPTURE_AUTORELEASING = YES;
				CLANG_WARN_BOOL_CONVERSION = YES;
				CLANG_WARN_COMMA = YES;
				CLANG_WARN_CONSTANT_CONVERSION = YES;
				CLANG_WARN_DEPRECATED_OBJC_IMPLEMENTATIONS = YES;
				CLANG_WARN_DIRECT_OBJC_ISA_USAGE = YES_ERROR;
				CLANG_WARN_DOCUMENTATION_COMMENTS = YES;
				CLANG_WARN_EMPTY_BODY = YES;
				CLANG_WARN_ENUM_CONVERSION = YES;
				CLANG_WARN_INFINITE_RECURSION = YES;
				CLANG_WARN_INT_CONVERSION = YES;
				CLANG_WARN_NON_LITERAL_NULL_CONVERSION = YES;
				CLANG_WARN_OBJC_IMPLICIT_RETAIN_SELF = YES;
				CLANG_WARN_OBJC_LITERAL_CONVERSION = YES;
				CLANG_WARN_OBJC_ROOT_CLASS = YES_ERROR;
				CLANG_WARN_QUOTED_INCLUDE_IN_FRAMEWORK_HEADER = YES;
				CLANG_WARN_RANGE_LOOP_ANALYSIS = YES;
				CLANG_WARN_STRICT_PROTOTYPES = YES;
				CLANG_WARN_SUSPICIOUS_MOVE = YES;
				CLANG_WARN_UNGUARDED_AVAILABILITY = YES_AGGRESSIVE;
				CLANG_WARN_UNREACHABLE_CODE = YES;
				CLANG_WARN__DUPLICATE_METHOD_MATCH = YES;
				COPY_PHASE_STRIP = NO;
				DEBUG_INFORMATION_FORMAT = dwarf;
				ENABLE_STRICT_OBJC_MSGSEND = YES;
				ENABLE_TESTABILITY = YES;
				GCC_C_LANGUAGE_STANDARD = gnu11;
				GCC_DYNAMIC_NO_PIC = NO;
				GCC_NO_COMMON_BLOCKS = YES;
				GCC_OPTIMIZATION_LEVEL = 0;
				GCC_PREPROCESSOR_DEFINITIONS = (
					"DEBUG=1",
					"$(inherited)",
				);
				GCC_WARN_64_TO_32_BIT_CONVERSION = YES;
				GCC_WARN_ABOUT_RETURN_TYPE = YES_ERROR;
				GCC_WARN_UNDECLARED_SELECTOR = YES;
				GCC_WARN_UNINITIALIZED_AUTOS = YES_AGGRESSIVE;
				GCC_WARN_UNUSED_FUNCTION = YES;
				GCC_WARN_UNUSED_VARIABLE = YES;
				IPHONEOS_DEPLOYMENT_TARGET = 16.4;
				MTL_ENABLE_DEBUG_INFO = INCLUDE_SOURCE;
				MTL_FAST_MATH = YES;
				ONLY_ACTIVE_ARCH = YES;
				SDKROOT = iphoneos;
				SWIFT_ACTIVE_COMPILATION_CONDITIONS = DEBUG;
				SWIFT_OPTIMIZATION_LEVEL = "-Onone";
			};
			name = Debug;
		};
		5E8AC01B2A0896FF00B9E2FC /* Release */ = {
			isa = XCBuildConfiguration;
			buildSettings = {
				ALWAYS_SEARCH_USER_PATHS = NO;
				CLANG_ANALYZER_NONNULL = YES;
				CLANG_ANALYZER_NUMBER_OBJECT_CONVERSION = YES_AGGRESSIVE;
				CLANG_CXX_LANGUAGE_STANDARD = "gnu++20";
				CLANG_ENABLE_MODULES = YES;
				CLANG_ENABLE_OBJC_ARC = YES;
				CLANG_ENABLE_OBJC_WEAK = YES;
				CLANG_WARN_BLOCK_CAPTURE_AUTORELEASING = YES;
				CLANG_WARN_BOOL_CONVERSION = YES;
				CLANG_WARN_COMMA = YES;
				CLANG_WARN_CONSTANT_CONVERSION = YES;
				CLANG_WARN_DEPRECATED_OBJC_IMPLEMENTATIONS = YES;
				CLANG_WARN_DIRECT_OBJC_ISA_USAGE = YES_ERROR;
				CLANG_WARN_DOCUMENTATION_COMMENTS = YES;
				CLANG_WARN_EMPTY_BODY = YES;
				CLANG_WARN_ENUM_CONVERSION = YES;
				CLANG_WARN_INFINITE_RECURSION = YES;
				CLANG_WARN_INT_CONVERSION = YES;
				CLANG_WARN_NON_LITERAL_NULL_CONVERSION = YES;
				CLANG_WARN_OBJC_IMPLICIT_RETAIN_SELF = YES;
				CLANG_WARN_OBJC_LITERAL_CONVERSION = YES;
				CLANG_WARN_OBJC_ROOT_CLASS = YES_ERROR;
				CLANG_WARN_QUOTED_INCLUDE_IN_FRAMEWORK_HEADER = YES;
				CLANG_WARN_RANGE_LOOP_ANALYSIS = YES;
				CLANG_WARN_STRICT_PROTOTYPES = YES;
				CLANG_WARN_SUSPICIOUS_MOVE = YES;
				CLANG_WARN_UNGUARDED_AVAILABILITY = YES_AGGRESSIVE;
				CLANG_WARN_UNREACHABLE_CODE = YES;
				CLANG_WARN__DUPLICATE_METHOD_MATCH = YES;
				COPY_PHASE_STRIP = NO;
				DEBUG_INFORMATION_FORMAT = "dwarf-with-dsym";
				ENABLE_NS_ASSERTIONS = NO;
				ENABLE_STRICT_OBJC_MSGSEND = YES;
				GCC_C_LANGUAGE_STANDARD = gnu11;
				GCC_NO_COMMON_BLOCKS = YES;
				GCC_WARN_64_TO_32_BIT_CONVERSION = YES;
				GCC_WARN_ABOUT_RETURN_TYPE = YES_ERROR;
				GCC_WARN_UNDECLARED_SELECTOR = YES;
				GCC_WARN_UNINITIALIZED_AUTOS = YES_AGGRESSIVE;
				GCC_WARN_UNUSED_FUNCTION = YES;
				GCC_WARN_UNUSED_VARIABLE = YES;
				IPHONEOS_DEPLOYMENT_TARGET = 16.4;
				MTL_ENABLE_DEBUG_INFO = NO;
				MTL_FAST_MATH = YES;
				SDKROOT = iphoneos;
				SWIFT_COMPILATION_MODE = wholemodule;
				SWIFT_OPTIMIZATION_LEVEL = "-O";
				VALIDATE_PRODUCT = YES;
			};
			name = Release;
		};
		5E8AC01D2A0896FF00B9E2FC /* Debug */ = {
			isa = XCBuildConfiguration;
			buildSettings = {
				ASSETCATALOG_COMPILER_APPICON_NAME = AppIcon;
				ASSETCATALOG_COMPILER_GLOBAL_ACCENT_COLOR_NAME = AccentColor;
				CODE_SIGN_STYLE = Automatic;
				CURRENT_PROJECT_VERSION = 1;
				DEVELOPMENT_ASSET_PATHS = "\"sixprincesses/Preview Content\"";
				DEVELOPMENT_TEAM = C3U3CZ666D;
				ENABLE_PREVIEWS = YES;
				GENERATE_INFOPLIST_FILE = YES;
				INFOPLIST_KEY_UIApplicationSceneManifest_Generation = YES;
				INFOPLIST_KEY_UIApplicationSupportsIndirectInputEvents = YES;
				INFOPLIST_KEY_UILaunchScreen_Generation = YES;
				INFOPLIST_KEY_UISupportedInterfaceOrientations_iPad = "UIInterfaceOrientationPortrait UIInterfaceOrientationPortraitUpsideDown UIInterfaceOrientationLandscapeLeft UIInterfaceOrientationLandscapeRight";
				INFOPLIST_KEY_UISupportedInterfaceOrientations_iPhone = "UIInterfaceOrientationPortrait UIInterfaceOrientationLandscapeLeft UIInterfaceOrientationLandscapeRight";
				LD_RUNPATH_SEARCH_PATHS = (
					"$(inherited)",
					"@executable_path/Frameworks",
				);
				MARKETING_VERSION = 1.0;
				PRODUCT_BUNDLE_IDENTIFIER = com.sangyong.sixprincesses;
				PRODUCT_NAME = "$(TARGET_NAME)";
				SWIFT_EMIT_LOC_STRINGS = YES;
				SWIFT_VERSION = 5.0;
				TARGETED_DEVICE_FAMILY = "1,2";
			};
			name = Debug;
		};
		5E8AC01E2A0896FF00B9E2FC /* Release */ = {
			isa = XCBuildConfiguration;
			buildSettings = {
				ASSETCATALOG_COMPILER_APPICON_NAME = AppIcon;
				ASSETCATALOG_COMPILER_GLOBAL_ACCENT_COLOR_NAME = AccentColor;
				CODE_SIGN_STYLE = Automatic;
				CURRENT_PROJECT_VERSION = 1;
				DEVELOPMENT_ASSET_PATHS = "\"sixprincesses/Preview Content\"";
				DEVELOPMENT_TEAM = C3U3CZ666D;
				ENABLE_PREVIEWS = YES;
				GENERATE_INFOPLIST_FILE = YES;
				INFOPLIST_KEY_UIApplicationSceneManifest_Generation = YES;
				INFOPLIST_KEY_UIApplicationSupportsIndirectInputEvents = YES;
				INFOPLIST_KEY_UILaunchScreen_Generation = YES;
				INFOPLIST_KEY_UISupportedInterfaceOrientations_iPad = "UIInterfaceOrientationPortrait UIInterfaceOrientationPortraitUpsideDown UIInterfaceOrientationLandscapeLeft UIInterfaceOrientationLandscapeRight";
				INFOPLIST_KEY_UISupportedInterfaceOrientations_iPhone = "UIInterfaceOrientationPortrait UIInterfaceOrientationLandscapeLeft UIInterfaceOrientationLandscapeRight";
				LD_RUNPATH_SEARCH_PATHS = (
					"$(inherited)",
					"@executable_path/Frameworks",
				);
				MARKETING_VERSION = 1.0;
				PRODUCT_BUNDLE_IDENTIFIER = com.sangyong.sixprincesses;
				PRODUCT_NAME = "$(TARGET_NAME)";
				SWIFT_EMIT_LOC_STRINGS = YES;
				SWIFT_VERSION = 5.0;
				TARGETED_DEVICE_FAMILY = "1,2";
			};
			name = Release;
		};
/* End XCBuildConfiguration section */

/* Begin XCConfigurationList section */
		5E8AC0092A0896FE00B9E2FC /* Build configuration list for PBXProject "sixprincesses" */ = {
			isa = XCConfigurationList;
			buildConfigurations = (
				5E8AC01A2A0896FF00B9E2FC /* Debug */,
				5E8AC01B2A0896FF00B9E2FC /* Release */,
			);
			defaultConfigurationIsVisible = 0;
			defaultConfigurationName = Release;
		};
		5E8AC01C2A0896FF00B9E2FC /* Build configuration list for PBXNativeTarget "sixprincesses" */ = {
			isa = XCConfigurationList;
			buildConfigurations = (
				5E8AC01D2A0896FF00B9E2FC /* Debug */,
				5E8AC01E2A0896FF00B9E2FC /* Release */,
			);
			defaultConfigurationIsVisible = 0;
			defaultConfigurationName = Release;
		};
/* End XCConfigurationList section */
	};
	rootObject = 5E8AC0062A0896FE00B9E2FC /* Project object */;
}
